{
  "name": "griffin",
  "version": "1.0.0",
  "lockfileVersion": 1,
  "requires": true,
  "dependencies": {
    "highcharts": {
      "version": "7.0.3",
      "resolved": "https://registry.npmjs.org/highcharts/-/highcharts-7.0.3.tgz",
      "integrity": "sha512-ubfHLDqKZkGLfDGWYPaa9txLwiJDSWphMZ15xdC0RKKKxZ2ZBc13+MjDfz5ARpYGQvCHmytGOGFUgRWEvkOhNA=="
    },
    "lodash.clonedeep": {
      "version": "4.5.0",
      "resolved": "https://registry.npmjs.org/lodash.clonedeep/-/lodash.clonedeep-4.5.0.tgz",
      "integrity": "sha1-4j8/nE+Pvd6HJSnBBxhXoIblzO8="
    },
    "lodash.defaultsdeep": {
      "version": "4.6.0",
      "resolved": "https://registry.npmjs.org/lodash.defaultsdeep/-/lodash.defaultsdeep-4.6.0.tgz",
      "integrity": "sha1-vsECT4WxvZbL6kBbI8FK1kQ6b4E="
    },
    "pubsub-js": {
      "version": "1.7.0",
      "resolved": "https://registry.npmjs.org/pubsub-js/-/pubsub-js-1.7.0.tgz",
      "integrity": "sha512-Pb68P9qFZxnvDipHMuj9oT1FoIgBcXJ9C9eWdHCLZAnulaUoJ3+Y87RhGMYilWpun6DMWVmvK70T4RP4drZMSA==",
      "dev": true
    },
    "pubsub-setter": {
      "version": "1.0.2",
      "resolved": "https://registry.npmjs.org/pubsub-setter/-/pubsub-setter-1.0.2.tgz",
      "integrity": "sha1-JPStAMf1X11N6sj1gwZV5LwKFzY=",
      "dev": true,
      "requires": {
        "pubsub-js": "^1.5.7",
        "string-hash": "1.1.3"
      }
    },
    "stateful-dead": {
      "version": "0.1.5",
      "resolved": "https://registry.npmjs.org/stateful-dead/-/stateful-dead-0.1.5.tgz",
      "integrity": "sha512-jOXk2FcxuxJlP/6097UTt0cKxqorx9WxTmU71jjOmLp02O48u11Aq9SowhPkVYrdzqbyboTc5mpyY+XbKnNYsg==",
      "dev": true,
      "requires": {
        "pubsub-js": "^1.5.7"
      }
    },
    "string-hash": {
      "version": "1.1.3",
      "resolved": "https://registry.npmjs.org/string-hash/-/string-hash-1.1.3.tgz",
      "integrity": "sha1-6Kr8CsGFW0Zmkp7X3RJ1311sgRs=",
      "dev": true
    }
  }
}
